// !$*UTF8*$!
{
	archiveVersion = 1;
	classes = {
	};
	objectVersion = 56;
	objects = {

/* Begin PBXBuildFile section */
		5A4C62C528FE655E00735357 /* lab2App.swift in Sources */ = {isa = PBXBuildFile; fileRef = 5A4C62C428FE655E00735357 /* lab2App.swift */; };
		5A4C62C728FE655E00735357 /* ContentView.swift in Sources */ = {isa = PBXBuildFile; fileRef = 5A4C62C628FE655E00735357 /* ContentView.swift */; };
		5A4C62C928FE655F00735357 /* Assets.xcassets in Resources */ = {isa = PBXBuildFile; fileRef = 5A4C62C828FE655F00735357 /* Assets.xcassets */; };
		5A4C62CC28FE655F00735357 /* Preview Assets.xcassets in Resources */ = {isa = PBXBuildFile; fileRef = 5A4C62CB28FE655F00735357 /* Preview Assets.xcassets */; };
		5A4C62D628FE655F00735357 /* lab2Tests.swift in Sources */ = {isa = PBXBuildFile; fileRef = 5A4C62D528FE655F00735357 /* lab2Tests.swift */; };
		5A4C62E028FE655F00735357 /* lab2UITests.swift in Sources */ = {isa = PBXBuildFile; fileRef = 5A4C62DF28FE655F00735357 /* lab2UITests.swift */; };
		5A4C62E228FE655F00735357 /* lab2UITestsLaunchTests.swift in Sources */ = {isa = PBXBuildFile; fileRef = 5A4C62E128FE655F00735357 /* lab2UITestsLaunchTests.swift */; };
/* End PBXBuildFile section */

/* Begin PBXContainerItemProxy section */
		5A4C62D228FE655F00735357 /* PBXContainerItemProxy */ = {
			isa = PBXContainerItemProxy;
			containerPortal = 5A4C62B928FE655E00735357 /* Project object */;
			proxyType = 1;
			remoteGlobalIDString = 5A4C62C028FE655E00735357;
			remoteInfo = lab2;
		};
		5A4C62DC28FE655F00735357 /* PBXContainerItemProxy */ = {
			isa = PBXContainerItemProxy;
			containerPortal = 5A4C62B928FE655E00735357 /* Project object */;
			proxyType = 1;
			remoteGlobalIDString = 5A4C62C028FE655E00735357;
			remoteInfo = lab2;
		};
/* End PBXContainerItemProxy section */

/* Begin PBXFileReference section */
		5A4C62C128FE655E00735357 /* lab2.app */ = {isa = PBXFileReference; explicitFileType = wrapper.application; includeInIndex = 0; path = lab2.app; sourceTree = BUILT_PRODUCTS_DIR; };
		5A4C62C428FE655E00735357 /* lab2App.swift */ = {isa = PBXFileReference; lastKnownFileType = sourcecode.swift; path = lab2App.swift; sourceTree = "<group>"; };
		5A4C62C628FE655E00735357 /* ContentView.swift */ = {isa = PBXFileReference; lastKnownFileType = sourcecode.swift; path = ContentView.swift; sourceTree = "<group>"; };
		5A4C62C828FE655F00735357 /* Assets.xcassets */ = {isa = PBXFileReference; lastKnownFileType = folder.assetcatalog; path = Assets.xcassets; sourceTree = "<group>"; };
		5A4C62CB28FE655F00735357 /* Preview Assets.xcassets */ = {isa = PBXFileReference; lastKnownFileType = folder.assetcatalog; path = "Preview Assets.xcassets"; sourceTree = "<group>"; };
		5A4C62D128FE655F00735357 /* lab2Tests.xctest */ = {isa = PBXFileReference; explicitFileType = wrapper.cfbundle; includeInIndex = 0; path = lab2Tests.xctest; sourceTree = BUILT_PRODUCTS_DIR; };
		5A4C62D528FE655F00735357 /* lab2Tests.swift */ = {isa = PBXFileReference; lastKnownFileType = sourcecode.swift; path = lab2Tests.swift; sourceTree = "<group>"; };
		5A4C62DB28FE655F00735357 /* lab2UITests.xctest */ = {isa = PBXFileReference; explicitFileType = wrapper.cfbundle; includeInIndex = 0; path = lab2UITests.xctest; sourceTree = BUILT_PRODUCTS_DIR; };
		5A4C62DF28FE655F00735357 /* lab2UITests.swift */ = {isa = PBXFileReference; lastKnownFileType = sourcecode.swift; path = lab2UITests.swift; sourceTree = "<group>"; };
		5A4C62E128FE655F00735357 /* lab2UITestsLaunchTests.swift */ = {isa = PBXFileReference; lastKnownFileType = sourcecode.swift; path = lab2UITestsLaunchTests.swift; sourceTree = "<group>"; };
/* End PBXFileReference section */

/* Begin PBXFrameworksBuildPhase section */
		5A4C62BE28FE655E00735357 /* Frameworks */ = {
			isa = PBXFrameworksBuildPhase;
			buildActionMask = 2147483647;
			files = (
			);
			runOnlyForDeploymentPostprocessing = 0;
		};
		5A4C62CE28FE655F00735357 /* Frameworks */ = {
			isa = PBXFrameworksBuildPhase;
			buildActionMask = 2147483647;
			files = (
			);
			runOnlyForDeploymentPostprocessing = 0;
		};
		5A4C62D828FE655F00735357 /* Frameworks */ = {
			isa = PBXFrameworksBuildPhase;
			buildActionMask = 2147483647;
			files = (
			);
			runOnlyForDeploymentPostprocessing = 0;
		};
/* End PBXFrameworksBuildPhase section */

/* Begin PBXGroup section */
		5A4C62B828FE655E00735357 = {
			isa = PBXGroup;
			children = (
				5A4C62C328FE655E00735357 /* lab2 */,
				5A4C62D428FE655F00735357 /* lab2Tests */,
				5A4C62DE28FE655F00735357 /* lab2UITests */,
				5A4C62C228FE655E00735357 /* Products */,
			);
			sourceTree = "<group>";
		};
		5A4C62C228FE655E00735357 /* Products */ = {
			isa = PBXGroup;
			children = (
				5A4C62C128FE655E00735357 /* lab2.app */,
				5A4C62D128FE655F00735357 /* lab2Tests.xctest */,
				5A4C62DB28FE655F00735357 /* lab2UITests.xctest */,
			);
			name = Products;
			sourceTree = "<group>";
		};
		5A4C62C328FE655E00735357 /* lab2 */ = {
			isa = PBXGroup;
			children = (
				5A4C62C428FE655E00735357 /* lab2App.swift */,
				5A4C62C628FE655E00735357 /* ContentView.swift */,
				5A4C62C828FE655F00735357 /* Assets.xcassets */,
				5A4C62CA28FE655F00735357 /* Preview Content */,
			);
			path = lab2;
			sourceTree = "<group>";
		};
		5A4C62CA28FE655F00735357 /* Preview Content */ = {
			isa = PBXGroup;
			children = (
				5A4C62CB28FE655F00735357 /* Preview Assets.xcassets */,
			);
			path = "Preview Content";
			sourceTree = "<group>";
		};
		5A4C62D428FE655F00735357 /* lab2Tests */ = {
			isa = PBXGroup;
			children = (
				5A4C62D528FE655F00735357 /* lab2Tests.swift */,
			);
			path = lab2Tests;
			sourceTree = "<group>";
		};
		5A4C62DE28FE655F00735357 /* lab2UITests */ = {
			isa = PBXGroup;
			children = (
				5A4C62DF28FE655F00735357 /* lab2UITests.swift */,
				5A4C62E128FE655F00735357 /* lab2UITestsLaunchTests.swift */,
			);
			path = lab2UITests;
			sourceTree = "<group>";
		};
/* End PBXGroup section */

/* Begin PBXNativeTarget section */
		5A4C62C028FE655E00735357 /* lab2 */ = {
			isa = PBXNativeTarget;
			buildConfigurationList = 5A4C62E528FE655F00735357 /* Build configuration list for PBXNativeTarget "lab2" */;
			buildPhases = (
				5A4C62BD28FE655E00735357 /* Sources */,
				5A4C62BE28FE655E00735357 /* Frameworks */,
				5A4C62BF28FE655E00735357 /* Resources */,
			);
			buildRules = (
			);
			dependencies = (
			);
			name = lab2;
			productName = lab2;
			productReference = 5A4C62C128FE655E00735357 /* lab2.app */;
			productType = "com.apple.product-type.application";
		};
		5A4C62D028FE655F00735357 /* lab2Tests */ = {
			isa = PBXNativeTarget;
			buildConfigurationList = 5A4C62E828FE655F00735357 /* Build configuration list for PBXNativeTarget "lab2Tests" */;
			buildPhases = (
				5A4C62CD28FE655F00735357 /* Sources */,
				5A4C62CE28FE655F00735357 /* Frameworks */,
				5A4C62CF28FE655F00735357 /* Resources */,
			);
			buildRules = (
			);
			dependencies = (
				5A4C62D328FE655F00735357 /* PBXTargetDependency */,
			);
			name = lab2Tests;
			productName = lab2Tests;
			productReference = 5A4C62D128FE655F00735357 /* lab2Tests.xctest */;
			productType = "com.apple.product-type.bundle.unit-test";
		};
		5A4C62DA28FE655F00735357 /* lab2UITests */ = {
			isa = PBXNativeTarget;
			buildConfigurationList = 5A4C62EB28FE655F00735357 /* Build configuration list for PBXNativeTarget "lab2UITests" */;
			buildPhases = (
				5A4C62D728FE655F00735357 /* Sources */,
				5A4C62D828FE655F00735357 /* Frameworks */,
				5A4C62D928FE655F00735357 /* Resources */,
			);
			buildRules = (
			);
			dependencies = (
				5A4C62DD28FE655F00735357 /* PBXTargetDependency */,
			);
			name = lab2UITests;
			productName = lab2UITests;
			productReference = 5A4C62DB28FE655F00735357 /* lab2UITests.xctest */;
			productType = "com.apple.product-type.bundle.ui-testing";
		};
/* End PBXNativeTarget section */

/* Begin PBXProject section */
		5A4C62B928FE655E00735357 /* Project object */ = {
			isa = PBXProject;
			attributes = {
				BuildIndependentTargetsInParallel = 1;
				LastSwiftUpdateCheck = 1400;
				LastUpgradeCheck = 1400;
				TargetAttributes = {
					5A4C62C028FE655E00735357 = {
						CreatedOnToolsVersion = 14.0.1;
					};
					5A4C62D028FE655F00735357 = {
						CreatedOnToolsVersion = 14.0.1;
						TestTargetID = 5A4C62C028FE655E00735357;
					};
					5A4C62DA28FE655F00735357 = {
						CreatedOnToolsVersion = 14.0.1;
						TestTargetID = 5A4C62C028FE655E00735357;
					};
				};
			};
			buildConfigurationList = 5A4C62BC28FE655E00735357 /* Build configuration list for PBXProject "lab2" */;
			compatibilityVersion = "Xcode 14.0";
			developmentRegion = en;
			hasScannedForEncodings = 0;
			knownRegions = (
				en,
				Base,
			);
			mainGroup = 5A4C62B828FE655E00735357;
			productRefGroup = 5A4C62C228FE655E00735357 /* Products */;
			projectDirPath = "";
			projectRoot = "";
			targets = (
				5A4C62C028FE655E00735357 /* lab2 */,
				5A4C62D028FE655F00735357 /* lab2Tests */,
				5A4C62DA28FE655F00735357 /* lab2UITests */,
			);
		};
/* End PBXProject section */

/* Begin PBXResourcesBuildPhase section */
		5A4C62BF28FE655E00735357 /* Resources */ = {
			isa = PBXResourcesBuildPhase;
			buildActionMask = 2147483647;
			files = (
				5A4C62CC28FE655F00735357 /* Preview Assets.xcassets in Resources */,
				5A4C62C928FE655F00735357 /* Assets.xcassets in Resources */,
			);
			runOnlyForDeploymentPostprocessing = 0;
		};
		5A4C62CF28FE655F00735357 /* Resources */ = {
			isa = PBXResourcesBuildPhase;
			buildActionMask = 2147483647;
			files = (
			);
			runOnlyForDeploymentPostprocessing = 0;
		};
		5A4C62D928FE655F00735357 /* Resources */ = {
			isa = PBXResourcesBuildPhase;
			buildActionMask = 2147483647;
			files = (
			);
			runOnlyForDeploymentPostprocessing = 0;
		};
/* End PBXResourcesBuildPhase section */

/* Begin PBXSourcesBuildPhase section */
		5A4C62BD28FE655E00735357 /* Sources */ = {
			isa = PBXSourcesBuildPhase;
			buildActionMask = 2147483647;
			files = (
				5A4C62C728FE655E00735357 /* ContentView.swift in Sources */,
				5A4C62C528FE655E00735357 /* lab2App.swift in Sources */,
			);
			runOnlyForDeploymentPostprocessing = 0;
		};
		5A4C62CD28FE655F00735357 /* Sources */ = {
			isa = PBXSourcesBuildPhase;
			buildActionMask = 2147483647;
			files = (
				5A4C62D628FE655F00735357 /* lab2Tests.swift in Sources */,
			);
			runOnlyForDeploymentPostprocessing = 0;
		};
		5A4C62D728FE655F00735357 /* Sources */ = {
			isa = PBXSourcesBuildPhase;
			buildActionMask = 2147483647;
			files = (
				5A4C62E028FE655F00735357 /* lab2UITests.swift in Sources */,
				5A4C62E228FE655F00735357 /* lab2UITestsLaunchTests.swift in Sources */,
			);
			runOnlyForDeploymentPostprocessing = 0;
		};
/* End PBXSourcesBuildPhase section */

/* Begin PBXTargetDependency section */
		5A4C62D328FE655F00735357 /* PBXTargetDependency */ = {
			isa = PBXTargetDependency;
			target = 5A4C62C028FE655E00735357 /* lab2 */;
			targetProxy = 5A4C62D228FE655F00735357 /* PBXContainerItemProxy */;
		};
		5A4C62DD28FE655F00735357 /* PBXTargetDependency */ = {
			isa = PBXTargetDependency;
			target = 5A4C62C028FE655E00735357 /* lab2 */;
			targetProxy = 5A4C62DC28FE655F00735357 /* PBXContainerItemProxy */;
		};
/* End PBXTargetDependency section */

/* Begin XCBuildConfiguration section */
		5A4C62E328FE655F00735357 /* Debug */ = {
			isa = XCBuildConfiguration;
			buildSettings = {
				ALWAYS_SEARCH_USER_PATHS = NO;
				CLANG_ANALYZER_NONNULL = YES;
				CLANG_ANALYZER_NUMBER_OBJECT_CONVERSION = YES_AGGRESSIVE;
				CLANG_CXX_LANGUAGE_STANDARD = "gnu++20";
				CLANG_ENABLE_MODULES = YES;
				CLANG_ENABLE_OBJC_ARC = YES;
				CLANG_ENABLE_OBJC_WEAK = YES;
				CLANG_WARN_BLOCK_CAPTURE_AUTORELEASING = YES;
				CLANG_WARN_BOOL_CONVERSION = YES;
				CLANG_WARN_COMMA = YES;
				CLANG_WARN_CONSTANT_CONVERSION = YES;
				CLANG_WARN_DEPRECATED_OBJC_IMPLEMENTATIONS = YES;
				CLANG_WARN_DIRECT_OBJC_ISA_USAGE = YES_ERROR;
				CLANG_WARN_DOCUMENTATION_COMMENTS = YES;
				CLANG_WARN_EMPTY_BODY = YES;
				CLANG_WARN_ENUM_CONVERSION = YES;
				CLANG_WARN_INFINITE_RECURSION = YES;
				CLANG_WARN_INT_CONVERSION = YES;
				CLANG_WARN_NON_LITERAL_NULL_CONVERSION = YES;
				CLANG_WARN_OBJC_IMPLICIT_RETAIN_SELF = YES;
				CLANG_WARN_OBJC_LITERAL_CONVERSION = YES;
				CLANG_WARN_OBJC_ROOT_CLASS = YES_ERROR;
				CLANG_WARN_QUOTED_INCLUDE_IN_FRAMEWORK_HEADER = YES;
				CLANG_WARN_RANGE_LOOP_ANALYSIS = YES;
				CLANG_WARN_STRICT_PROTOTYPES = YES;
				CLANG_WARN_SUSPICIOUS_MOVE = YES;
				CLANG_WARN_UNGUARDED_AVAILABILITY = YES_AGGRESSIVE;
				CLANG_WARN_UNREACHABLE_CODE = YES;
				CLANG_WARN__DUPLICATE_METHOD_MATCH = YES;
				COPY_PHASE_STRIP = NO;
				DEBUG_INFORMATION_FORMAT = dwarf;
				ENABLE_STRICT_OBJC_MSGSEND = YES;
				ENABLE_TESTABILITY = YES;
				GCC_C_LANGUAGE_STANDARD = gnu11;
				GCC_DYNAMIC_NO_PIC = NO;
				GCC_NO_COMMON_BLOCKS = YES;
				GCC_OPTIMIZATION_LEVEL = 0;
				GCC_PREPROCESSOR_DEFINITIONS = (
					"DEBUG=1",
					"$(inherited)",
				);
				GCC_WARN_64_TO_32_BIT_CONVERSION = YES;
				GCC_WARN_ABOUT_RETURN_TYPE = YES_ERROR;
				GCC_WARN_UNDECLARED_SELECTOR = YES;
				GCC_WARN_UNINITIALIZED_AUTOS = YES_AGGRESSIVE;
				GCC_WARN_UNUSED_FUNCTION = YES;
				GCC_WARN_UNUSED_VARIABLE = YES;
				IPHONEOS_DEPLOYMENT_TARGET = 16.0;
				MTL_ENABLE_DEBUG_INFO = INCLUDE_SOURCE;
				MTL_FAST_MATH = YES;
				ONLY_ACTIVE_ARCH = YES;
				SDKROOT = iphoneos;
				SWIFT_ACTIVE_COMPILATION_CONDITIONS = DEBUG;
				SWIFT_OPTIMIZATION_LEVEL = "-Onone";
			};
			name = Debug;
		};
		5A4C62E428FE655F00735357 /* Release */ = {
			isa = XCBuildConfiguration;
			buildSettings = {
				ALWAYS_SEARCH_USER_PATHS = NO;
				CLANG_ANALYZER_NONNULL = YES;
				CLANG_ANALYZER_NUMBER_OBJECT_CONVERSION = YES_AGGRESSIVE;
				CLANG_CXX_LANGUAGE_STANDARD = "gnu++20";
				CLANG_ENABLE_MODULES = YES;
				CLANG_ENABLE_OBJC_ARC = YES;
				CLANG_ENABLE_OBJC_WEAK = YES;
				CLANG_WARN_BLOCK_CAPTURE_AUTORELEASING = YES;
				CLANG_WARN_BOOL_CONVERSION = YES;
				CLANG_WARN_COMMA = YES;
				CLANG_WARN_CONSTANT_CONVERSION = YES;
				CLANG_WARN_DEPRECATED_OBJC_IMPLEMENTATIONS = YES;
				CLANG_WARN_DIRECT_OBJC_ISA_USAGE = YES_ERROR;
				CLANG_WARN_DOCUMENTATION_COMMENTS = YES;
				CLANG_WARN_EMPTY_BODY = YES;
				CLANG_WARN_ENUM_CONVERSION = YES;
				CLANG_WARN_INFINITE_RECURSION = YES;
				CLANG_WARN_INT_CONVERSION = YES;
				CLANG_WARN_NON_LITERAL_NULL_CONVERSION = YES;
				CLANG_WARN_OBJC_IMPLICIT_RETAIN_SELF = YES;
				CLANG_WARN_OBJC_LITERAL_CONVERSION = YES;
				CLANG_WARN_OBJC_ROOT_CLASS = YES_ERROR;
				CLANG_WARN_QUOTED_INCLUDE_IN_FRAMEWORK_HEADER = YES;
				CLANG_WARN_RANGE_LOOP_ANALYSIS = YES;
				CLANG_WARN_STRICT_PROTOTYPES = YES;
				CLANG_WARN_SUSPICIOUS_MOVE = YES;
				CLANG_WARN_UNGUARDED_AVAILABILITY = YES_AGGRESSIVE;
				CLANG_WARN_UNREACHABLE_CODE = YES;
				CLANG_WARN__DUPLICATE_METHOD_MATCH = YES;
				COPY_PHASE_STRIP = NO;
				DEBUG_INFORMATION_FORMAT = "dwarf-with-dsym";
				ENABLE_NS_ASSERTIONS = NO;
				ENABLE_STRICT_OBJC_MSGSEND = YES;
				GCC_C_LANGUAGE_STANDARD = gnu11;
				GCC_NO_COMMON_BLOCKS = YES;
				GCC_WARN_64_TO_32_BIT_CONVERSION = YES;
				GCC_WARN_ABOUT_RETURN_TYPE = YES_ERROR;
				GCC_WARN_UNDECLARED_SELECTOR = YES;
				GCC_WARN_UNINITIALIZED_AUTOS = YES_AGGRESSIVE;
				GCC_WARN_UNUSED_FUNCTION = YES;
				GCC_WARN_UNUSED_VARIABLE = YES;
				IPHONEOS_DEPLOYMENT_TARGET = 16.0;
				MTL_ENABLE_DEBUG_INFO = NO;
				MTL_FAST_MATH = YES;
				SDKROOT = iphoneos;
				SWIFT_COMPILATION_MODE = wholemodule;
				SWIFT_OPTIMIZATION_LEVEL = "-O";
				VALIDATE_PRODUCT = YES;
			};
			name = Release;
		};
		5A4C62E628FE655F00735357 /* Debug */ = {
			isa = XCBuildConfiguration;
			buildSettings = {
				ASSETCATALOG_COMPILER_APPICON_NAME = AppIcon;
				ASSETCATALOG_COMPILER_GLOBAL_ACCENT_COLOR_NAME = AccentColor;
				CODE_SIGN_STYLE = Automatic;
				CURRENT_PROJECT_VERSION = 1;
				DEVELOPMENT_ASSET_PATHS = "\"lab2/Preview Content\"";
				ENABLE_PREVIEWS = YES;
				GENERATE_INFOPLIST_FILE = YES;
				INFOPLIST_KEY_UIApplicationSceneManifest_Generation = YES;
				INFOPLIST_KEY_UIApplicationSupportsIndirectInputEvents = YES;
				INFOPLIST_KEY_UILaunchScreen_Generation = YES;
				INFOPLIST_KEY_UISupportedInterfaceOrientations_iPad = "UIInterfaceOrientationPortrait UIInterfaceOrientationPortraitUpsideDown UIInterfaceOrientationLandscapeLeft UIInterfaceOrientationLandscapeRight";
				INFOPLIST_KEY_UISupportedInterfaceOrientations_iPhone = "UIInterfaceOrientationPortrait UIInterfaceOrientationLandscapeLeft UIInterfaceOrientationLandscapeRight";
				LD_RUNPATH_SEARCH_PATHS = (
					"$(inherited)",
					"@executable_path/Frameworks",
				);
				MARKETING_VERSION = 1.0;
				PRODUCT_BUNDLE_IDENTIFIER = "remi-csm.lab2";
				PRODUCT_NAME = "$(TARGET_NAME)";
				SWIFT_EMIT_LOC_STRINGS = YES;
				SWIFT_VERSION = 5.0;
				TARGETED_DEVICE_FAMILY = "1,2";
			};
			name = Debug;
		};
		5A4C62E728FE655F00735357 /* Release */ = {
			isa = XCBuildConfiguration;
			buildSettings = {
				ASSETCATALOG_COMPILER_APPICON_NAME = AppIcon;
				ASSETCATALOG_COMPILER_GLOBAL_ACCENT_COLOR_NAME = AccentColor;
				CODE_SIGN_STYLE = Automatic;
				CURRENT_PROJECT_VERSION = 1;
				DEVELOPMENT_ASSET_PATHS = "\"lab2/Preview Content\"";
				ENABLE_PREVIEWS = YES;
				GENERATE_INFOPLIST_FILE = YES;
				INFOPLIST_KEY_UIApplicationSceneManifest_Generation = YES;
				INFOPLIST_KEY_UIApplicationSupportsIndirectInputEvents = YES;
				INFOPLIST_KEY_UILaunchScreen_Generation = YES;
				INFOPLIST_KEY_UISupportedInterfaceOrientations_iPad = "UIInterfaceOrientationPortrait UIInterfaceOrientationPortraitUpsideDown UIInterfaceOrientationLandscapeLeft UIInterfaceOrientationLandscapeRight";
				INFOPLIST_KEY_UISupportedInterfaceOrientations_iPhone = "UIInterfaceOrientationPortrait UIInterfaceOrientationLandscapeLeft UIInterfaceOrientationLandscapeRight";
				LD_RUNPATH_SEARCH_PATHS = (
					"$(inherited)",
					"@executable_path/Frameworks",
				);
				MARKETING_VERSION = 1.0;
				PRODUCT_BUNDLE_IDENTIFIER = "remi-csm.lab2";
				PRODUCT_NAME = "$(TARGET_NAME)";
				SWIFT_EMIT_LOC_STRINGS = YES;
				SWIFT_VERSION = 5.0;
				TARGETED_DEVICE_FAMILY = "1,2";
			};
			name = Release;
		};
		5A4C62E928FE655F00735357 /* Debug */ = {
			isa = XCBuildConfiguration;
			buildSettings = {
				ALWAYS_EMBED_SWIFT_STANDARD_LIBRARIES = YES;
				BUNDLE_LOADER = "$(TEST_HOST)";
				CODE_SIGN_STYLE = Automatic;
				CURRENT_PROJECT_VERSION = 1;
				GENERATE_INFOPLIST_FILE = YES;
				IPHONEOS_DEPLOYMENT_TARGET = 16.0;
				MARKETING_VERSION = 1.0;
				PRODUCT_BUNDLE_IDENTIFIER = "remi-csm.lab2Tests";
				PRODUCT_NAME = "$(TARGET_NAME)";
				SWIFT_EMIT_LOC_STRINGS = NO;
				SWIFT_VERSION = 5.0;
				TARGETED_DEVICE_FAMILY = "1,2";
				TEST_HOST = "$(BUILT_PRODUCTS_DIR)/lab2.app/$(BUNDLE_EXECUTABLE_FOLDER_PATH)/lab2";
			};
			name = Debug;
		};
		5A4C62EA28FE655F00735357 /* Release */ = {
			isa = XCBuildConfiguration;
			buildSettings = {
				ALWAYS_EMBED_SWIFT_STANDARD_LIBRARIES = YES;
				BUNDLE_LOADER = "$(TEST_HOST)";
				CODE_SIGN_STYLE = Automatic;
				CURRENT_PROJECT_VERSION = 1;
				GENERATE_INFOPLIST_FILE = YES;
				IPHONEOS_DEPLOYMENT_TARGET = 16.0;
				MARKETING_VERSION = 1.0;
				PRODUCT_BUNDLE_IDENTIFIER = "remi-csm.lab2Tests";
				PRODUCT_NAME = "$(TARGET_NAME)";
				SWIFT_EMIT_LOC_STRINGS = NO;
				SWIFT_VERSION = 5.0;
				TARGETED_DEVICE_FAMILY = "1,2";
				TEST_HOST = "$(BUILT_PRODUCTS_DIR)/lab2.app/$(BUNDLE_EXECUTABLE_FOLDER_PATH)/lab2";
			};
			name = Release;
		};
		5A4C62EC28FE655F00735357 /* Debug */ = {
			isa = XCBuildConfiguration;
			buildSettings = {
				ALWAYS_EMBED_SWIFT_STANDARD_LIBRARIES = YES;
				CODE_SIGN_STYLE = Automatic;
				CURRENT_PROJECT_VERSION = 1;
				GENERATE_INFOPLIST_FILE = YES;
				MARKETING_VERSION = 1.0;
				PRODUCT_BUNDLE_IDENTIFIER = "remi-csm.lab2UITests";
				PRODUCT_NAME = "$(TARGET_NAME)";
				SWIFT_EMIT_LOC_STRINGS = NO;
				SWIFT_VERSION = 5.0;
				TARGETED_DEVICE_FAMILY = "1,2";
				TEST_TARGET_NAME = lab2;
			};
			name = Debug;
		};
		5A4C62ED28FE655F00735357 /* Release */ = {
			isa = XCBuildConfiguration;
			buildSettings = {
				ALWAYS_EMBED_SWIFT_STANDARD_LIBRARIES = YES;
				CODE_SIGN_STYLE = Automatic;
				CURRENT_PROJECT_VERSION = 1;
				GENERATE_INFOPLIST_FILE = YES;
				MARKETING_VERSION = 1.0;
				PRODUCT_BUNDLE_IDENTIFIER = "remi-csm.lab2UITests";
				PRODUCT_NAME = "$(TARGET_NAME)";
				SWIFT_EMIT_LOC_STRINGS = NO;
				SWIFT_VERSION = 5.0;
				TARGETED_DEVICE_FAMILY = "1,2";
				TEST_TARGET_NAME = lab2;
			};
			name = Release;
		};
/* End XCBuildConfiguration section */

/* Begin XCConfigurationList section */
		5A4C62BC28FE655E00735357 /* Build configuration list for PBXProject "lab2" */ = {
			isa = XCConfigurationList;
			buildConfigurations = (
				5A4C62E328FE655F00735357 /* Debug */,
				5A4C62E428FE655F00735357 /* Release */,
			);
			defaultConfigurationIsVisible = 0;
			defaultConfigurationName = Release;
		};
		5A4C62E528FE655F00735357 /* Build configuration list for PBXNativeTarget "lab2" */ = {
			isa = XCConfigurationList;
			buildConfigurations = (
				5A4C62E628FE655F00735357 /* Debug */,
				5A4C62E728FE655F00735357 /* Release */,
			);
			defaultConfigurationIsVisible = 0;
			defaultConfigurationName = Release;
		};
		5A4C62E828FE655F00735357 /* Build configuration list for PBXNativeTarget "lab2Tests" */ = {
			isa = XCConfigurationList;
			buildConfigurations = (
				5A4C62E928FE655F00735357 /* Debug */,
				5A4C62EA28FE655F00735357 /* Release */,
			);
			defaultConfigurationIsVisible = 0;
			defaultConfigurationName = Release;
		};
		5A4C62EB28FE655F00735357 /* Build configuration list for PBXNativeTarget "lab2UITests" */ = {
			isa = XCConfigurationList;
			buildConfigurations = (
				5A4C62EC28FE655F00735357 /* Debug */,
				5A4C62ED28FE655F00735357 /* Release */,
			);
			defaultConfigurationIsVisible = 0;
			defaultConfigurationName = Release;
		};
/* End XCConfigurationList section */
	};
	rootObject = 5A4C62B928FE655E00735357 /* Project object */;
}
